// !$*UTF8*$!
{
	archiveVersion = 1;
	classes = {
	};
	objectVersion = 56;
	objects = {

/* Begin PBXBuildFile section */
		6607E4AB2C59370900CC766C /* IMC_CalculatorApp.swift in Sources */ = {isa = PBXBuildFile; fileRef = 6607E4AA2C59370900CC766C /* IMC_CalculatorApp.swift */; };
		6607E4AD2C59370900CC766C /* IMCView.swift in Sources */ = {isa = PBXBuildFile; fileRef = 6607E4AC2C59370900CC766C /* IMCView.swift */; };
		6607E4AF2C59370A00CC766C /* Assets.xcassets in Resources */ = {isa = PBXBuildFile; fileRef = 6607E4AE2C59370A00CC766C /* Assets.xcassets */; };
		6607E4B22C59370A00CC766C /* Preview Assets.xcassets in Resources */ = {isa = PBXBuildFile; fileRef = 6607E4B12C59370A00CC766C /* Preview Assets.xcassets */; };
		6607E4B92C5937EA00CC766C /* IMCResult.swift in Sources */ = {isa = PBXBuildFile; fileRef = 6607E4B82C5937EA00CC766C /* IMCResult.swift */; };
		6607E4BC2C595B9B00CC766C /* ToggleButton.swift in Sources */ = {isa = PBXBuildFile; fileRef = 6607E4BB2C595B9B00CC766C /* ToggleButton.swift */; };
		6607E4BE2C595BAE00CC766C /* HeightCalculator.swift in Sources */ = {isa = PBXBuildFile; fileRef = 6607E4BD2C595BAE00CC766C /* HeightCalculator.swift */; };
		6607E4C02C595BBC00CC766C /* CounterButton.swift in Sources */ = {isa = PBXBuildFile; fileRef = 6607E4BF2C595BBC00CC766C /* CounterButton.swift */; };
		6607E4C22C595BD000CC766C /* IMCCalculateButton.swift in Sources */ = {isa = PBXBuildFile; fileRef = 6607E4C12C595BD000CC766C /* IMCCalculateButton.swift */; };
		6607E4C42C595BDB00CC766C /* TextComponents.swift in Sources */ = {isa = PBXBuildFile; fileRef = 6607E4C32C595BDA00CC766C /* TextComponents.swift */; };
		664391A22C5A96BB00BC6451 /* InformationViewResult.swift in Sources */ = {isa = PBXBuildFile; fileRef = 664391A12C5A96BB00BC6451 /* InformationViewResult.swift */; };
/* End PBXBuildFile section */

/* Begin PBXFileReference section */
		6607E4A72C59370900CC766C /* IMC Calculator.app */ = {isa = PBXFileReference; explicitFileType = wrapper.application; includeInIndex = 0; path = "IMC Calculator.app"; sourceTree = BUILT_PRODUCTS_DIR; };
		6607E4AA2C59370900CC766C /* IMC_CalculatorApp.swift */ = {isa = PBXFileReference; lastKnownFileType = sourcecode.swift; path = IMC_CalculatorApp.swift; sourceTree = "<group>"; };
		6607E4AC2C59370900CC766C /* IMCView.swift */ = {isa = PBXFileReference; lastKnownFileType = sourcecode.swift; path = IMCView.swift; sourceTree = "<group>"; };
		6607E4AE2C59370A00CC766C /* Assets.xcassets */ = {isa = PBXFileReference; lastKnownFileType = folder.assetcatalog; path = Assets.xcassets; sourceTree = "<group>"; };
		6607E4B12C59370A00CC766C /* Preview Assets.xcassets */ = {isa = PBXFileReference; lastKnownFileType = folder.assetcatalog; path = "Preview Assets.xcassets"; sourceTree = "<group>"; };
		6607E4B82C5937EA00CC766C /* IMCResult.swift */ = {isa = PBXFileReference; lastKnownFileType = sourcecode.swift; path = IMCResult.swift; sourceTree = "<group>"; };
		6607E4BB2C595B9B00CC766C /* ToggleButton.swift */ = {isa = PBXFileReference; lastKnownFileType = sourcecode.swift; path = ToggleButton.swift; sourceTree = "<group>"; };
		6607E4BD2C595BAE00CC766C /* HeightCalculator.swift */ = {isa = PBXFileReference; lastKnownFileType = sourcecode.swift; path = HeightCalculator.swift; sourceTree = "<group>"; };
		6607E4BF2C595BBC00CC766C /* CounterButton.swift */ = {isa = PBXFileReference; lastKnownFileType = sourcecode.swift; path = CounterButton.swift; sourceTree = "<group>"; };
		6607E4C12C595BD000CC766C /* IMCCalculateButton.swift */ = {isa = PBXFileReference; lastKnownFileType = sourcecode.swift; path = IMCCalculateButton.swift; sourceTree = "<group>"; };
		6607E4C32C595BDA00CC766C /* TextComponents.swift */ = {isa = PBXFileReference; lastKnownFileType = sourcecode.swift; path = TextComponents.swift; sourceTree = "<group>"; };
		664391A12C5A96BB00BC6451 /* InformationViewResult.swift */ = {isa = PBXFileReference; lastKnownFileType = sourcecode.swift; path = InformationViewResult.swift; sourceTree = "<group>"; };
/* End PBXFileReference section */

/* Begin PBXFrameworksBuildPhase section */
		6607E4A42C59370900CC766C /* Frameworks */ = {
			isa = PBXFrameworksBuildPhase;
			buildActionMask = 2147483647;
			files = (
			);
			runOnlyForDeploymentPostprocessing = 0;
		};
/* End PBXFrameworksBuildPhase section */

/* Begin PBXGroup section */
		6607E49E2C59370900CC766C = {
			isa = PBXGroup;
			children = (
				6607E4A92C59370900CC766C /* IMC Calculator */,
				6607E4A82C59370900CC766C /* Products */,
			);
			sourceTree = "<group>";
		};
		6607E4A82C59370900CC766C /* Products */ = {
			isa = PBXGroup;
			children = (
				6607E4A72C59370900CC766C /* IMC Calculator.app */,
			);
			name = Products;
			sourceTree = "<group>";
		};
		6607E4A92C59370900CC766C /* IMC Calculator */ = {
			isa = PBXGroup;
			children = (
				6607E4BA2C595B7400CC766C /* Components */,
				6607E4AA2C59370900CC766C /* IMC_CalculatorApp.swift */,
				6607E4AC2C59370900CC766C /* IMCView.swift */,
				6607E4B82C5937EA00CC766C /* IMCResult.swift */,
				6607E4AE2C59370A00CC766C /* Assets.xcassets */,
				6607E4B02C59370A00CC766C /* Preview Content */,
			);
			path = "IMC Calculator";
			sourceTree = "<group>";
		};
		6607E4B02C59370A00CC766C /* Preview Content */ = {
			isa = PBXGroup;
			children = (
				6607E4B12C59370A00CC766C /* Preview Assets.xcassets */,
			);
			path = "Preview Content";
			sourceTree = "<group>";
		};
		6607E4BA2C595B7400CC766C /* Components */ = {
			isa = PBXGroup;
			children = (
				6607E4BB2C595B9B00CC766C /* ToggleButton.swift */,
				6607E4BD2C595BAE00CC766C /* HeightCalculator.swift */,
				6607E4BF2C595BBC00CC766C /* CounterButton.swift */,
				6607E4C12C595BD000CC766C /* IMCCalculateButton.swift */,
				6607E4C32C595BDA00CC766C /* TextComponents.swift */,
				664391A12C5A96BB00BC6451 /* InformationViewResult.swift */,
			);
			path = Components;
			sourceTree = "<group>";
		};
/* End PBXGroup section */

/* Begin PBXNativeTarget section */
		6607E4A62C59370900CC766C /* IMC Calculator */ = {
			isa = PBXNativeTarget;
			buildConfigurationList = 6607E4B52C59370A00CC766C /* Build configuration list for PBXNativeTarget "IMC Calculator" */;
			buildPhases = (
				6607E4A32C59370900CC766C /* Sources */,
				6607E4A42C59370900CC766C /* Frameworks */,
				6607E4A52C59370900CC766C /* Resources */,
			);
			buildRules = (
			);
			dependencies = (
			);
			name = "IMC Calculator";
			productName = "IMC Calculator";
			productReference = 6607E4A72C59370900CC766C /* IMC Calculator.app */;
			productType = "com.apple.product-type.application";
		};
/* End PBXNativeTarget section */

/* Begin PBXProject section */
		6607E49F2C59370900CC766C /* Project object */ = {
			isa = PBXProject;
			attributes = {
				BuildIndependentTargetsInParallel = 1;
				LastSwiftUpdateCheck = 1540;
				LastUpgradeCheck = 1540;
				TargetAttributes = {
					6607E4A62C59370900CC766C = {
						CreatedOnToolsVersion = 15.4;
					};
				};
			};
			buildConfigurationList = 6607E4A22C59370900CC766C /* Build configuration list for PBXProject "IMC Calculator" */;
			compatibilityVersion = "Xcode 14.0";
			developmentRegion = en;
			hasScannedForEncodings = 0;
			knownRegions = (
				en,
				Base,
			);
			mainGroup = 6607E49E2C59370900CC766C;
			productRefGroup = 6607E4A82C59370900CC766C /* Products */;
			projectDirPath = "";
			projectRoot = "";
			targets = (
				6607E4A62C59370900CC766C /* IMC Calculator */,
			);
		};
/* End PBXProject section */

/* Begin PBXResourcesBuildPhase section */
		6607E4A52C59370900CC766C /* Resources */ = {
			isa = PBXResourcesBuildPhase;
			buildActionMask = 2147483647;
			files = (
				6607E4B22C59370A00CC766C /* Preview Assets.xcassets in Resources */,
				6607E4AF2C59370A00CC766C /* Assets.xcassets in Resources */,
			);
			runOnlyForDeploymentPostprocessing = 0;
		};
/* End PBXResourcesBuildPhase section */

/* Begin PBXSourcesBuildPhase section */
		6607E4A32C59370900CC766C /* Sources */ = {
			isa = PBXSourcesBuildPhase;
			buildActionMask = 2147483647;
			files = (
				6607E4AD2C59370900CC766C /* IMCView.swift in Sources */,
				6607E4B92C5937EA00CC766C /* IMCResult.swift in Sources */,
				6607E4C42C595BDB00CC766C /* TextComponents.swift in Sources */,
				6607E4AB2C59370900CC766C /* IMC_CalculatorApp.swift in Sources */,
				6607E4C22C595BD000CC766C /* IMCCalculateButton.swift in Sources */,
				6607E4BE2C595BAE00CC766C /* HeightCalculator.swift in Sources */,
				6607E4C02C595BBC00CC766C /* CounterButton.swift in Sources */,
				6607E4BC2C595B9B00CC766C /* ToggleButton.swift in Sources */,
				664391A22C5A96BB00BC6451 /* InformationViewResult.swift in Sources */,
			);
			runOnlyForDeploymentPostprocessing = 0;
		};
/* End PBXSourcesBuildPhase section */

/* Begin XCBuildConfiguration section */
		6607E4B32C59370A00CC766C /* Debug */ = {
			isa = XCBuildConfiguration;
			buildSettings = {
				ALWAYS_SEARCH_USER_PATHS = NO;
				ASSETCATALOG_COMPILER_GENERATE_SWIFT_ASSET_SYMBOL_EXTENSIONS = YES;
				CLANG_ANALYZER_NONNULL = YES;
				CLANG_ANALYZER_NUMBER_OBJECT_CONVERSION = YES_AGGRESSIVE;
				CLANG_CXX_LANGUAGE_STANDARD = "gnu++20";
				CLANG_ENABLE_MODULES = YES;
				CLANG_ENABLE_OBJC_ARC = YES;
				CLANG_ENABLE_OBJC_WEAK = YES;
				CLANG_WARN_BLOCK_CAPTURE_AUTORELEASING = YES;
				CLANG_WARN_BOOL_CONVERSION = YES;
				CLANG_WARN_COMMA = YES;
				CLANG_WARN_CONSTANT_CONVERSION = YES;
				CLANG_WARN_DEPRECATED_OBJC_IMPLEMENTATIONS = YES;
				CLANG_WARN_DIRECT_OBJC_ISA_USAGE = YES_ERROR;
				CLANG_WARN_DOCUMENTATION_COMMENTS = YES;
				CLANG_WARN_EMPTY_BODY = YES;
				CLANG_WARN_ENUM_CONVERSION = YES;
				CLANG_WARN_INFINITE_RECURSION = YES;
				CLANG_WARN_INT_CONVERSION = YES;
				CLANG_WARN_NON_LITERAL_NULL_CONVERSION = YES;
				CLANG_WARN_OBJC_IMPLICIT_RETAIN_SELF = YES;
				CLANG_WARN_OBJC_LITERAL_CONVERSION = YES;
				CLANG_WARN_OBJC_ROOT_CLASS = YES_ERROR;
				CLANG_WARN_QUOTED_INCLUDE_IN_FRAMEWORK_HEADER = YES;
				CLANG_WARN_RANGE_LOOP_ANALYSIS = YES;
				CLANG_WARN_STRICT_PROTOTYPES = YES;
				CLANG_WARN_SUSPICIOUS_MOVE = YES;
				CLANG_WARN_UNGUARDED_AVAILABILITY = YES_AGGRESSIVE;
				CLANG_WARN_UNREACHABLE_CODE = YES;
				CLANG_WARN__DUPLICATE_METHOD_MATCH = YES;
				COPY_PHASE_STRIP = NO;
				DEBUG_INFORMATION_FORMAT = dwarf;
				ENABLE_STRICT_OBJC_MSGSEND = YES;
				ENABLE_TESTABILITY = YES;
				ENABLE_USER_SCRIPT_SANDBOXING = YES;
				GCC_C_LANGUAGE_STANDARD = gnu17;
				GCC_DYNAMIC_NO_PIC = NO;
				GCC_NO_COMMON_BLOCKS = YES;
				GCC_OPTIMIZATION_LEVEL = 0;
				GCC_PREPROCESSOR_DEFINITIONS = (
					"DEBUG=1",
					"$(inherited)",
				);
				GCC_WARN_64_TO_32_BIT_CONVERSION = YES;
				GCC_WARN_ABOUT_RETURN_TYPE = YES_ERROR;
				GCC_WARN_UNDECLARED_SELECTOR = YES;
				GCC_WARN_UNINITIALIZED_AUTOS = YES_AGGRESSIVE;
				GCC_WARN_UNUSED_FUNCTION = YES;
				GCC_WARN_UNUSED_VARIABLE = YES;
				IPHONEOS_DEPLOYMENT_TARGET = 17.5;
				LOCALIZATION_PREFERS_STRING_CATALOGS = YES;
				MTL_ENABLE_DEBUG_INFO = INCLUDE_SOURCE;
				MTL_FAST_MATH = YES;
				ONLY_ACTIVE_ARCH = YES;
				SDKROOT = iphoneos;
				SWIFT_ACTIVE_COMPILATION_CONDITIONS = "DEBUG $(inherited)";
				SWIFT_OPTIMIZATION_LEVEL = "-Onone";
			};
			name = Debug;
		};
		6607E4B42C59370A00CC766C /* Release */ = {
			isa = XCBuildConfiguration;
			buildSettings = {
				ALWAYS_SEARCH_USER_PATHS = NO;
				ASSETCATALOG_COMPILER_GENERATE_SWIFT_ASSET_SYMBOL_EXTENSIONS = YES;
				CLANG_ANALYZER_NONNULL = YES;
				CLANG_ANALYZER_NUMBER_OBJECT_CONVERSION = YES_AGGRESSIVE;
				CLANG_CXX_LANGUAGE_STANDARD = "gnu++20";
				CLANG_ENABLE_MODULES = YES;
				CLANG_ENABLE_OBJC_ARC = YES;
				CLANG_ENABLE_OBJC_WEAK = YES;
				CLANG_WARN_BLOCK_CAPTURE_AUTORELEASING = YES;
				CLANG_WARN_BOOL_CONVERSION = YES;
				CLANG_WARN_COMMA = YES;
				CLANG_WARN_CONSTANT_CONVERSION = YES;
				CLANG_WARN_DEPRECATED_OBJC_IMPLEMENTATIONS = YES;
				CLANG_WARN_DIRECT_OBJC_ISA_USAGE = YES_ERROR;
				CLANG_WARN_DOCUMENTATION_COMMENTS = YES;
				CLANG_WARN_EMPTY_BODY = YES;
				CLANG_WARN_ENUM_CONVERSION = YES;
				CLANG_WARN_INFINITE_RECURSION = YES;
				CLANG_WARN_INT_CONVERSION = YES;
				CLANG_WARN_NON_LITERAL_NULL_CONVERSION = YES;
				CLANG_WARN_OBJC_IMPLICIT_RETAIN_SELF = YES;
				CLANG_WARN_OBJC_LITERAL_CONVERSION = YES;
				CLANG_WARN_OBJC_ROOT_CLASS = YES_ERROR;
				CLANG_WARN_QUOTED_INCLUDE_IN_FRAMEWORK_HEADER = YES;
				CLANG_WARN_RANGE_LOOP_ANALYSIS = YES;
				CLANG_WARN_STRICT_PROTOTYPES = YES;
				CLANG_WARN_SUSPICIOUS_MOVE = YES;
				CLANG_WARN_UNGUARDED_AVAILABILITY = YES_AGGRESSIVE;
				CLANG_WARN_UNREACHABLE_CODE = YES;
				CLANG_WARN__DUPLICATE_METHOD_MATCH = YES;
				COPY_PHASE_STRIP = NO;
				DEBUG_INFORMATION_FORMAT = "dwarf-with-dsym";
				ENABLE_NS_ASSERTIONS = NO;
				ENABLE_STRICT_OBJC_MSGSEND = YES;
				ENABLE_USER_SCRIPT_SANDBOXING = YES;
				GCC_C_LANGUAGE_STANDARD = gnu17;
				GCC_NO_COMMON_BLOCKS = YES;
				GCC_WARN_64_TO_32_BIT_CONVERSION = YES;
				GCC_WARN_ABOUT_RETURN_TYPE = YES_ERROR;
				GCC_WARN_UNDECLARED_SELECTOR = YES;
				GCC_WARN_UNINITIALIZED_AUTOS = YES_AGGRESSIVE;
				GCC_WARN_UNUSED_FUNCTION = YES;
				GCC_WARN_UNUSED_VARIABLE = YES;
				IPHONEOS_DEPLOYMENT_TARGET = 17.5;
				LOCALIZATION_PREFERS_STRING_CATALOGS = YES;
				MTL_ENABLE_DEBUG_INFO = NO;
				MTL_FAST_MATH = YES;
				SDKROOT = iphoneos;
				SWIFT_COMPILATION_MODE = wholemodule;
				VALIDATE_PRODUCT = YES;
			};
			name = Release;
		};
		6607E4B62C59370A00CC766C /* Debug */ = {
			isa = XCBuildConfiguration;
			buildSettings = {
				ASSETCATALOG_COMPILER_APPICON_NAME = AppIcon;
				ASSETCATALOG_COMPILER_GLOBAL_ACCENT_COLOR_NAME = AccentColor;
				CODE_SIGN_STYLE = Automatic;
				CURRENT_PROJECT_VERSION = 1;
				DEVELOPMENT_ASSET_PATHS = "\"IMC Calculator/Preview Content\"";
				DEVELOPMENT_TEAM = 9M98K8Y584;
				ENABLE_PREVIEWS = YES;
				GENERATE_INFOPLIST_FILE = YES;
				INFOPLIST_KEY_UIApplicationSceneManifest_Generation = YES;
				INFOPLIST_KEY_UIApplicationSupportsIndirectInputEvents = YES;
				INFOPLIST_KEY_UILaunchScreen_Generation = YES;
				INFOPLIST_KEY_UISupportedInterfaceOrientations_iPad = "UIInterfaceOrientationPortrait UIInterfaceOrientationPortraitUpsideDown UIInterfaceOrientationLandscapeLeft UIInterfaceOrientationLandscapeRight";
				INFOPLIST_KEY_UISupportedInterfaceOrientations_iPhone = "UIInterfaceOrientationPortrait UIInterfaceOrientationLandscapeLeft UIInterfaceOrientationLandscapeRight";
				LD_RUNPATH_SEARCH_PATHS = (
					"$(inherited)",
					"@executable_path/Frameworks",
				);
				MARKETING_VERSION = 1.0;
				PRODUCT_BUNDLE_IDENTIFIER = "herni.rg.IMC-Calculator";
				PRODUCT_NAME = "$(TARGET_NAME)";
				SWIFT_EMIT_LOC_STRINGS = YES;
				SWIFT_VERSION = 5.0;
				TARGETED_DEVICE_FAMILY = "1,2";
			};
			name = Debug;
		};
		6607E4B72C59370A00CC766C /* Release */ = {
			isa = XCBuildConfiguration;
			buildSettings = {
				ASSETCATALOG_COMPILER_APPICON_NAME = AppIcon;
				ASSETCATALOG_COMPILER_GLOBAL_ACCENT_COLOR_NAME = AccentColor;
				CODE_SIGN_STYLE = Automatic;
				CURRENT_PROJECT_VERSION = 1;
				DEVELOPMENT_ASSET_PATHS = "\"IMC Calculator/Preview Content\"";
				DEVELOPMENT_TEAM = 9M98K8Y584;
				ENABLE_PREVIEWS = YES;
				GENERATE_INFOPLIST_FILE = YES;
				INFOPLIST_KEY_UIApplicationSceneManifest_Generation = YES;
				INFOPLIST_KEY_UIApplicationSupportsIndirectInputEvents = YES;
				INFOPLIST_KEY_UILaunchScreen_Generation = YES;
				INFOPLIST_KEY_UISupportedInterfaceOrientations_iPad = "UIInterfaceOrientationPortrait UIInterfaceOrientationPortraitUpsideDown UIInterfaceOrientationLandscapeLeft UIInterfaceOrientationLandscapeRight";
				INFOPLIST_KEY_UISupportedInterfaceOrientations_iPhone = "UIInterfaceOrientationPortrait UIInterfaceOrientationLandscapeLeft UIInterfaceOrientationLandscapeRight";
				LD_RUNPATH_SEARCH_PATHS = (
					"$(inherited)",
					"@executable_path/Frameworks",
				);
				MARKETING_VERSION = 1.0;
				PRODUCT_BUNDLE_IDENTIFIER = "herni.rg.IMC-Calculator";
				PRODUCT_NAME = "$(TARGET_NAME)";
				SWIFT_EMIT_LOC_STRINGS = YES;
				SWIFT_VERSION = 5.0;
				TARGETED_DEVICE_FAMILY = "1,2";
			};
			name = Release;
		};
/* End XCBuildConfiguration section */

/* Begin XCConfigurationList section */
		6607E4A22C59370900CC766C /* Build configuration list for PBXProject "IMC Calculator" */ = {
			isa = XCConfigurationList;
			buildConfigurations = (
				6607E4B32C59370A00CC766C /* Debug */,
				6607E4B42C59370A00CC766C /* Release */,
			);
			defaultConfigurationIsVisible = 0;
			defaultConfigurationName = Release;
		};
		6607E4B52C59370A00CC766C /* Build configuration list for PBXNativeTarget "IMC Calculator" */ = {
			isa = XCConfigurationList;
			buildConfigurations = (
				6607E4B62C59370A00CC766C /* Debug */,
				6607E4B72C59370A00CC766C /* Release */,
			);
			defaultConfigurationIsVisible = 0;
			defaultConfigurationName = Release;
		};
/* End XCConfigurationList section */
	};
	rootObject = 6607E49F2C59370900CC766C /* Project object */;
}
